// !$*UTF8*$!
{
	archiveVersion = 1;
	classes = {
	};
	objectVersion = 56;
	objects = {

/* Begin PBXBuildFile section */
		5D44C4D129DD301E004EEDF2 /* FirebaseAnalytics in Frameworks */ = {isa = PBXBuildFile; productRef = 5D44C4D029DD301E004EEDF2 /* FirebaseAnalytics */; };
		5D44C4D329DD301E004EEDF2 /* FirebaseAnalyticsOnDeviceConversion in Frameworks */ = {isa = PBXBuildFile; productRef = 5D44C4D229DD301E004EEDF2 /* FirebaseAnalyticsOnDeviceConversion */; };
		5D44C4D529DD301E004EEDF2 /* FirebaseAnalyticsSwift in Frameworks */ = {isa = PBXBuildFile; productRef = 5D44C4D429DD301E004EEDF2 /* FirebaseAnalyticsSwift */; };
		5D44C4D729DD301E004EEDF2 /* FirebaseAnalyticsWithoutAdIdSupport in Frameworks */ = {isa = PBXBuildFile; productRef = 5D44C4D629DD301E004EEDF2 /* FirebaseAnalyticsWithoutAdIdSupport */; };
		5D44C4D929DD301E004EEDF2 /* FirebaseAppCheck in Frameworks */ = {isa = PBXBuildFile; productRef = 5D44C4D829DD301E004EEDF2 /* FirebaseAppCheck */; };
		5D44C4DB29DD301E004EEDF2 /* FirebaseAppDistribution-Beta in Frameworks */ = {isa = PBXBuildFile; productRef = 5D44C4DA29DD301E004EEDF2 /* FirebaseAppDistribution-Beta */; };
		5D44C4DD29DD301E004EEDF2 /* FirebaseAuth in Frameworks */ = {isa = PBXBuildFile; productRef = 5D44C4DC29DD301E004EEDF2 /* FirebaseAuth */; };
		5D44C4DF29DD301E004EEDF2 /* FirebaseAuthCombine-Community in Frameworks */ = {isa = PBXBuildFile; productRef = 5D44C4DE29DD301E004EEDF2 /* FirebaseAuthCombine-Community */; };
		5D44C4E129DD301E004EEDF2 /* FirebaseCrashlytics in Frameworks */ = {isa = PBXBuildFile; productRef = 5D44C4E029DD301E004EEDF2 /* FirebaseCrashlytics */; };
		5D44C4E329DD301E004EEDF2 /* FirebaseDatabase in Frameworks */ = {isa = PBXBuildFile; productRef = 5D44C4E229DD301E004EEDF2 /* FirebaseDatabase */; };
		5D44C4E529DD301E004EEDF2 /* FirebaseDatabaseSwift in Frameworks */ = {isa = PBXBuildFile; productRef = 5D44C4E429DD301E004EEDF2 /* FirebaseDatabaseSwift */; };
		5D44C4E729DD301E004EEDF2 /* FirebaseDynamicLinks in Frameworks */ = {isa = PBXBuildFile; productRef = 5D44C4E629DD301E004EEDF2 /* FirebaseDynamicLinks */; };
		5D44C4E929DD301E004EEDF2 /* FirebaseFirestore in Frameworks */ = {isa = PBXBuildFile; productRef = 5D44C4E829DD301E004EEDF2 /* FirebaseFirestore */; };
		5D44C4EB29DD301E004EEDF2 /* FirebaseFirestoreCombine-Community in Frameworks */ = {isa = PBXBuildFile; productRef = 5D44C4EA29DD301E004EEDF2 /* FirebaseFirestoreCombine-Community */; };
		5D44C4ED29DD301E004EEDF2 /* FirebaseFirestoreSwift in Frameworks */ = {isa = PBXBuildFile; productRef = 5D44C4EC29DD301E004EEDF2 /* FirebaseFirestoreSwift */; };
		5D44C4EF29DD301E004EEDF2 /* FirebaseFunctions in Frameworks */ = {isa = PBXBuildFile; productRef = 5D44C4EE29DD301E004EEDF2 /* FirebaseFunctions */; };
		5D44C4F129DD301E004EEDF2 /* FirebaseFunctionsCombine-Community in Frameworks */ = {isa = PBXBuildFile; productRef = 5D44C4F029DD301E004EEDF2 /* FirebaseFunctionsCombine-Community */; };
		5D44C4F329DD301E004EEDF2 /* FirebaseInAppMessaging-Beta in Frameworks */ = {isa = PBXBuildFile; productRef = 5D44C4F229DD301E004EEDF2 /* FirebaseInAppMessaging-Beta */; };
		5D44C4F529DD301E004EEDF2 /* FirebaseInAppMessagingSwift-Beta in Frameworks */ = {isa = PBXBuildFile; productRef = 5D44C4F429DD301E004EEDF2 /* FirebaseInAppMessagingSwift-Beta */; };
		5D44C4F729DD301E004EEDF2 /* FirebaseInstallations in Frameworks */ = {isa = PBXBuildFile; productRef = 5D44C4F629DD301E004EEDF2 /* FirebaseInstallations */; };
		5D44C4F929DD301E004EEDF2 /* FirebaseMLModelDownloader in Frameworks */ = {isa = PBXBuildFile; productRef = 5D44C4F829DD301E004EEDF2 /* FirebaseMLModelDownloader */; };
		5D44C4FB29DD301E004EEDF2 /* FirebaseMessaging in Frameworks */ = {isa = PBXBuildFile; productRef = 5D44C4FA29DD301E004EEDF2 /* FirebaseMessaging */; };
		5D44C4FD29DD301E004EEDF2 /* FirebasePerformance in Frameworks */ = {isa = PBXBuildFile; productRef = 5D44C4FC29DD301E004EEDF2 /* FirebasePerformance */; };
		5D44C4FF29DD301E004EEDF2 /* FirebaseRemoteConfig in Frameworks */ = {isa = PBXBuildFile; productRef = 5D44C4FE29DD301E004EEDF2 /* FirebaseRemoteConfig */; };
		5D44C50129DD301E004EEDF2 /* FirebaseRemoteConfigSwift in Frameworks */ = {isa = PBXBuildFile; productRef = 5D44C50029DD301E004EEDF2 /* FirebaseRemoteConfigSwift */; };
		5D44C50329DD301E004EEDF2 /* FirebaseStorage in Frameworks */ = {isa = PBXBuildFile; productRef = 5D44C50229DD301E004EEDF2 /* FirebaseStorage */; };
		5D44C50529DD301E004EEDF2 /* FirebaseStorageCombine-Community in Frameworks */ = {isa = PBXBuildFile; productRef = 5D44C50429DD301E004EEDF2 /* FirebaseStorageCombine-Community */; };
		5D45368829CED73A00BB11AD /* DataStruct.swift in Sources */ = {isa = PBXBuildFile; fileRef = 5D45368729CED73A00BB11AD /* DataStruct.swift */; };
		5DDDD7FB29CE873B00572BE0 /* App.swift in Sources */ = {isa = PBXBuildFile; fileRef = 5DDDD7FA29CE873B00572BE0 /* App.swift */; };
		5DDDD7FF29CE873C00572BE0 /* Assets.xcassets in Resources */ = {isa = PBXBuildFile; fileRef = 5DDDD7FE29CE873C00572BE0 /* Assets.xcassets */; };
		5DDDD80329CE873C00572BE0 /* Preview Assets.xcassets in Resources */ = {isa = PBXBuildFile; fileRef = 5DDDD80229CE873C00572BE0 /* Preview Assets.xcassets */; };
		5DDDD80A29CE939500572BE0 /* HomeView.swift in Sources */ = {isa = PBXBuildFile; fileRef = 5DDDD80929CE939500572BE0 /* HomeView.swift */; };
		5DDDD80C29CE93D800572BE0 /* DirectoryView.swift in Sources */ = {isa = PBXBuildFile; fileRef = 5DDDD80B29CE93D800572BE0 /* DirectoryView.swift */; };
		5DDDD80E29CE941000572BE0 /* ForumView.swift in Sources */ = {isa = PBXBuildFile; fileRef = 5DDDD80D29CE941000572BE0 /* ForumView.swift */; };
		5DDDD81029CE943100572BE0 /* SessionsView.swift in Sources */ = {isa = PBXBuildFile; fileRef = 5DDDD80F29CE943100572BE0 /* SessionsView.swift */; };
		5DDDD81229CE945100572BE0 /* ProfileView.swift in Sources */ = {isa = PBXBuildFile; fileRef = 5DDDD81129CE945100572BE0 /* ProfileView.swift */; };
		5DDDD81429CE94C200572BE0 /* AppData.swift in Sources */ = {isa = PBXBuildFile; fileRef = 5DDDD81329CE94C200572BE0 /* AppData.swift */; };
		5DDDD81729CE9FA500572BE0 /* ImageHandler.swift in Sources */ = {isa = PBXBuildFile; fileRef = 5DDDD81629CE9FA500572BE0 /* ImageHandler.swift */; };
		5DF7FB7E29DD2C040011127B /* GoogleService-Info.plist in Resources */ = {isa = PBXBuildFile; fileRef = 5DF7FB7D29DD2C040011127B /* GoogleService-Info.plist */; };
/* End PBXBuildFile section */

/* Begin PBXFileReference section */
		5D45368729CED73A00BB11AD /* DataStruct.swift */ = {isa = PBXFileReference; lastKnownFileType = sourcecode.swift; path = DataStruct.swift; sourceTree = "<group>"; };
		5DDDD7F729CE873B00572BE0 /* QHHT-BQH.app */ = {isa = PBXFileReference; explicitFileType = wrapper.application; includeInIndex = 0; path = "QHHT-BQH.app"; sourceTree = BUILT_PRODUCTS_DIR; };
		5DDDD7FA29CE873B00572BE0 /* App.swift */ = {isa = PBXFileReference; lastKnownFileType = sourcecode.swift; path = App.swift; sourceTree = "<group>"; };
		5DDDD7FE29CE873C00572BE0 /* Assets.xcassets */ = {isa = PBXFileReference; lastKnownFileType = folder.assetcatalog; path = Assets.xcassets; sourceTree = "<group>"; };
		5DDDD80029CE873C00572BE0 /* QHHT.entitlements */ = {isa = PBXFileReference; lastKnownFileType = text.plist.entitlements; path = QHHT.entitlements; sourceTree = "<group>"; };
		5DDDD80229CE873C00572BE0 /* Preview Assets.xcassets */ = {isa = PBXFileReference; lastKnownFileType = folder.assetcatalog; path = "Preview Assets.xcassets"; sourceTree = "<group>"; };
		5DDDD80929CE939500572BE0 /* HomeView.swift */ = {isa = PBXFileReference; lastKnownFileType = sourcecode.swift; path = HomeView.swift; sourceTree = "<group>"; };
		5DDDD80B29CE93D800572BE0 /* DirectoryView.swift */ = {isa = PBXFileReference; lastKnownFileType = sourcecode.swift; path = DirectoryView.swift; sourceTree = "<group>"; };
		5DDDD80D29CE941000572BE0 /* ForumView.swift */ = {isa = PBXFileReference; lastKnownFileType = sourcecode.swift; path = ForumView.swift; sourceTree = "<group>"; };
		5DDDD80F29CE943100572BE0 /* SessionsView.swift */ = {isa = PBXFileReference; lastKnownFileType = sourcecode.swift; path = SessionsView.swift; sourceTree = "<group>"; };
		5DDDD81129CE945100572BE0 /* ProfileView.swift */ = {isa = PBXFileReference; lastKnownFileType = sourcecode.swift; path = ProfileView.swift; sourceTree = "<group>"; wrapsLines = 0; };
		5DDDD81329CE94C200572BE0 /* AppData.swift */ = {isa = PBXFileReference; lastKnownFileType = sourcecode.swift; path = AppData.swift; sourceTree = "<group>"; };
		5DDDD81629CE9FA500572BE0 /* ImageHandler.swift */ = {isa = PBXFileReference; lastKnownFileType = sourcecode.swift; path = ImageHandler.swift; sourceTree = "<group>"; };
		5DF7FB7D29DD2C040011127B /* GoogleService-Info.plist */ = {isa = PBXFileReference; fileEncoding = 4; lastKnownFileType = text.plist.xml; name = "GoogleService-Info.plist"; path = "../../../../Downloads/GoogleService-Info.plist"; sourceTree = "<group>"; };
/* End PBXFileReference section */

/* Begin PBXFrameworksBuildPhase section */
		5DDDD7F429CE873B00572BE0 /* Frameworks */ = {
			isa = PBXFrameworksBuildPhase;
			buildActionMask = 2147483647;
			files = (
				5D44C4E329DD301E004EEDF2 /* FirebaseDatabase in Frameworks */,
				5D44C4F129DD301E004EEDF2 /* FirebaseFunctionsCombine-Community in Frameworks */,
				5D44C4E929DD301E004EEDF2 /* FirebaseFirestore in Frameworks */,
				5D44C4D529DD301E004EEDF2 /* FirebaseAnalyticsSwift in Frameworks */,
				5D44C4D129DD301E004EEDF2 /* FirebaseAnalytics in Frameworks */,
				5D44C4D329DD301E004EEDF2 /* FirebaseAnalyticsOnDeviceConversion in Frameworks */,
				5D44C4F929DD301E004EEDF2 /* FirebaseMLModelDownloader in Frameworks */,
				5D44C4ED29DD301E004EEDF2 /* FirebaseFirestoreSwift in Frameworks */,
				5D44C4D929DD301E004EEDF2 /* FirebaseAppCheck in Frameworks */,
				5D44C4D729DD301E004EEDF2 /* FirebaseAnalyticsWithoutAdIdSupport in Frameworks */,
				5D44C4DD29DD301E004EEDF2 /* FirebaseAuth in Frameworks */,
				5D44C4E129DD301E004EEDF2 /* FirebaseCrashlytics in Frameworks */,
				5D44C50129DD301E004EEDF2 /* FirebaseRemoteConfigSwift in Frameworks */,
				5D44C4F329DD301E004EEDF2 /* FirebaseInAppMessaging-Beta in Frameworks */,
				5D44C4E529DD301E004EEDF2 /* FirebaseDatabaseSwift in Frameworks */,
				5D44C4EF29DD301E004EEDF2 /* FirebaseFunctions in Frameworks */,
				5D44C50529DD301E004EEDF2 /* FirebaseStorageCombine-Community in Frameworks */,
				5D44C4FF29DD301E004EEDF2 /* FirebaseRemoteConfig in Frameworks */,
				5D44C4DB29DD301E004EEDF2 /* FirebaseAppDistribution-Beta in Frameworks */,
				5D44C4DF29DD301E004EEDF2 /* FirebaseAuthCombine-Community in Frameworks */,
				5D44C4FD29DD301E004EEDF2 /* FirebasePerformance in Frameworks */,
				5D44C4F529DD301E004EEDF2 /* FirebaseInAppMessagingSwift-Beta in Frameworks */,
				5D44C50329DD301E004EEDF2 /* FirebaseStorage in Frameworks */,
				5D44C4E729DD301E004EEDF2 /* FirebaseDynamicLinks in Frameworks */,
				5D44C4EB29DD301E004EEDF2 /* FirebaseFirestoreCombine-Community in Frameworks */,
				5D44C4FB29DD301E004EEDF2 /* FirebaseMessaging in Frameworks */,
				5D44C4F729DD301E004EEDF2 /* FirebaseInstallations in Frameworks */,
			);
			runOnlyForDeploymentPostprocessing = 0;
		};
/* End PBXFrameworksBuildPhase section */

/* Begin PBXGroup section */
		5DDDD7EE29CE873B00572BE0 = {
			isa = PBXGroup;
			children = (
				5DDDD81529CE9F9400572BE0 /* Data */,
				5DDDD7F929CE873B00572BE0 /* QHHT */,
				5DDDD7F829CE873B00572BE0 /* Products */,
			);
			sourceTree = "<group>";
		};
		5DDDD7F829CE873B00572BE0 /* Products */ = {
			isa = PBXGroup;
			children = (
				5DDDD7F729CE873B00572BE0 /* QHHT-BQH.app */,
			);
			name = Products;
			sourceTree = "<group>";
		};
		5DDDD7F929CE873B00572BE0 /* QHHT */ = {
			isa = PBXGroup;
			children = (
				5DDDD7FA29CE873B00572BE0 /* App.swift */,
				5DDDD80929CE939500572BE0 /* HomeView.swift */,
				5DDDD80B29CE93D800572BE0 /* DirectoryView.swift */,
				5DDDD80D29CE941000572BE0 /* ForumView.swift */,
				5DDDD80F29CE943100572BE0 /* SessionsView.swift */,
				5DDDD81129CE945100572BE0 /* ProfileView.swift */,
				5DDDD7FE29CE873C00572BE0 /* Assets.xcassets */,
				5DDDD80029CE873C00572BE0 /* QHHT.entitlements */,
				5DF7FB7D29DD2C040011127B /* GoogleService-Info.plist */,
				5DDDD80129CE873C00572BE0 /* Preview Content */,
			);
			path = QHHT;
			sourceTree = "<group>";
		};
		5DDDD80129CE873C00572BE0 /* Preview Content */ = {
			isa = PBXGroup;
			children = (
				5DDDD80229CE873C00572BE0 /* Preview Assets.xcassets */,
			);
			path = "Preview Content";
			sourceTree = "<group>";
		};
		5DDDD81529CE9F9400572BE0 /* Data */ = {
			isa = PBXGroup;
			children = (
				5DDDD81329CE94C200572BE0 /* AppData.swift */,
				5D45368729CED73A00BB11AD /* DataStruct.swift */,
				5DDDD81629CE9FA500572BE0 /* ImageHandler.swift */,
			);
			path = Data;
			sourceTree = "<group>";
		};
/* End PBXGroup section */

/* Begin PBXNativeTarget section */
		5DDDD7F629CE873B00572BE0 /* QHHT-BQH */ = {
			isa = PBXNativeTarget;
			buildConfigurationList = 5DDDD80629CE873C00572BE0 /* Build configuration list for PBXNativeTarget "QHHT-BQH" */;
			buildPhases = (
				5DDDD7F329CE873B00572BE0 /* Sources */,
				5DDDD7F429CE873B00572BE0 /* Frameworks */,
				5DDDD7F529CE873B00572BE0 /* Resources */,
			);
			buildRules = (
			);
			dependencies = (
			);
			name = "QHHT-BQH";
			packageProductDependencies = (
				5D44C4D029DD301E004EEDF2 /* FirebaseAnalytics */,
				5D44C4D229DD301E004EEDF2 /* FirebaseAnalyticsOnDeviceConversion */,
				5D44C4D429DD301E004EEDF2 /* FirebaseAnalyticsSwift */,
				5D44C4D629DD301E004EEDF2 /* FirebaseAnalyticsWithoutAdIdSupport */,
				5D44C4D829DD301E004EEDF2 /* FirebaseAppCheck */,
				5D44C4DA29DD301E004EEDF2 /* FirebaseAppDistribution-Beta */,
				5D44C4DC29DD301E004EEDF2 /* FirebaseAuth */,
				5D44C4DE29DD301E004EEDF2 /* FirebaseAuthCombine-Community */,
				5D44C4E029DD301E004EEDF2 /* FirebaseCrashlytics */,
				5D44C4E229DD301E004EEDF2 /* FirebaseDatabase */,
				5D44C4E429DD301E004EEDF2 /* FirebaseDatabaseSwift */,
				5D44C4E629DD301E004EEDF2 /* FirebaseDynamicLinks */,
				5D44C4E829DD301E004EEDF2 /* FirebaseFirestore */,
				5D44C4EA29DD301E004EEDF2 /* FirebaseFirestoreCombine-Community */,
				5D44C4EC29DD301E004EEDF2 /* FirebaseFirestoreSwift */,
				5D44C4EE29DD301E004EEDF2 /* FirebaseFunctions */,
				5D44C4F029DD301E004EEDF2 /* FirebaseFunctionsCombine-Community */,
				5D44C4F229DD301E004EEDF2 /* FirebaseInAppMessaging-Beta */,
				5D44C4F429DD301E004EEDF2 /* FirebaseInAppMessagingSwift-Beta */,
				5D44C4F629DD301E004EEDF2 /* FirebaseInstallations */,
				5D44C4F829DD301E004EEDF2 /* FirebaseMLModelDownloader */,
				5D44C4FA29DD301E004EEDF2 /* FirebaseMessaging */,
				5D44C4FC29DD301E004EEDF2 /* FirebasePerformance */,
				5D44C4FE29DD301E004EEDF2 /* FirebaseRemoteConfig */,
				5D44C50029DD301E004EEDF2 /* FirebaseRemoteConfigSwift */,
				5D44C50229DD301E004EEDF2 /* FirebaseStorage */,
				5D44C50429DD301E004EEDF2 /* FirebaseStorageCombine-Community */,
			);
			productName = QHHT;
			productReference = 5DDDD7F729CE873B00572BE0 /* QHHT-BQH.app */;
			productType = "com.apple.product-type.application";
		};
/* End PBXNativeTarget section */

/* Begin PBXProject section */
		5DDDD7EF29CE873B00572BE0 /* Project object */ = {
			isa = PBXProject;
			attributes = {
				BuildIndependentTargetsInParallel = 1;
				LastSwiftUpdateCheck = 1420;
				LastUpgradeCheck = 1420;
				TargetAttributes = {
					5DDDD7F629CE873B00572BE0 = {
						CreatedOnToolsVersion = 14.2;
					};
				};
			};
			buildConfigurationList = 5DDDD7F229CE873B00572BE0 /* Build configuration list for PBXProject "QHHT-BQH" */;
			compatibilityVersion = "Xcode 14.0";
			developmentRegion = en;
			hasScannedForEncodings = 0;
			knownRegions = (
				en,
				Base,
			);
			mainGroup = 5DDDD7EE29CE873B00572BE0;
			packageReferences = (
				5D44C4CF29DD301E004EEDF2 /* XCRemoteSwiftPackageReference "firebase-ios-sdk" */,
			);
			productRefGroup = 5DDDD7F829CE873B00572BE0 /* Products */;
			projectDirPath = "";
			projectRoot = "";
			targets = (
				5DDDD7F629CE873B00572BE0 /* QHHT-BQH */,
			);
		};
/* End PBXProject section */

/* Begin PBXResourcesBuildPhase section */
		5DDDD7F529CE873B00572BE0 /* Resources */ = {
			isa = PBXResourcesBuildPhase;
			buildActionMask = 2147483647;
			files = (
				5DDDD80329CE873C00572BE0 /* Preview Assets.xcassets in Resources */,
				5DDDD7FF29CE873C00572BE0 /* Assets.xcassets in Resources */,
				5DF7FB7E29DD2C040011127B /* GoogleService-Info.plist in Resources */,
			);
			runOnlyForDeploymentPostprocessing = 0;
		};
/* End PBXResourcesBuildPhase section */

/* Begin PBXSourcesBuildPhase section */
		5DDDD7F329CE873B00572BE0 /* Sources */ = {
			isa = PBXSourcesBuildPhase;
			buildActionMask = 2147483647;
			files = (
				5D45368829CED73A00BB11AD /* DataStruct.swift in Sources */,
				5DDDD81729CE9FA500572BE0 /* ImageHandler.swift in Sources */,
				5DDDD80E29CE941000572BE0 /* ForumView.swift in Sources */,
				5DDDD80C29CE93D800572BE0 /* DirectoryView.swift in Sources */,
				5DDDD81029CE943100572BE0 /* SessionsView.swift in Sources */,
				5DDDD81429CE94C200572BE0 /* AppData.swift in Sources */,
				5DDDD81229CE945100572BE0 /* ProfileView.swift in Sources */,
				5DDDD80A29CE939500572BE0 /* HomeView.swift in Sources */,
				5DDDD7FB29CE873B00572BE0 /* App.swift in Sources */,
			);
			runOnlyForDeploymentPostprocessing = 0;
		};
/* End PBXSourcesBuildPhase section */

/* Begin XCBuildConfiguration section */
		5DDDD80429CE873C00572BE0 /* Debug */ = {
			isa = XCBuildConfiguration;
			buildSettings = {
				ALWAYS_SEARCH_USER_PATHS = NO;
				CLANG_ANALYZER_NONNULL = YES;
				CLANG_ANALYZER_NUMBER_OBJECT_CONVERSION = YES_AGGRESSIVE;
				CLANG_CXX_LANGUAGE_STANDARD = "gnu++20";
				CLANG_ENABLE_MODULES = YES;
				CLANG_ENABLE_OBJC_ARC = YES;
				CLANG_ENABLE_OBJC_WEAK = YES;
				CLANG_WARN_BLOCK_CAPTURE_AUTORELEASING = YES;
				CLANG_WARN_BOOL_CONVERSION = YES;
				CLANG_WARN_COMMA = YES;
				CLANG_WARN_CONSTANT_CONVERSION = YES;
				CLANG_WARN_DEPRECATED_OBJC_IMPLEMENTATIONS = YES;
				CLANG_WARN_DIRECT_OBJC_ISA_USAGE = YES_ERROR;
				CLANG_WARN_DOCUMENTATION_COMMENTS = YES;
				CLANG_WARN_EMPTY_BODY = YES;
				CLANG_WARN_ENUM_CONVERSION = YES;
				CLANG_WARN_INFINITE_RECURSION = YES;
				CLANG_WARN_INT_CONVERSION = YES;
				CLANG_WARN_NON_LITERAL_NULL_CONVERSION = YES;
				CLANG_WARN_OBJC_IMPLICIT_RETAIN_SELF = YES;
				CLANG_WARN_OBJC_LITERAL_CONVERSION = YES;
				CLANG_WARN_OBJC_ROOT_CLASS = YES_ERROR;
				CLANG_WARN_QUOTED_INCLUDE_IN_FRAMEWORK_HEADER = YES;
				CLANG_WARN_RANGE_LOOP_ANALYSIS = YES;
				CLANG_WARN_STRICT_PROTOTYPES = YES;
				CLANG_WARN_SUSPICIOUS_MOVE = YES;
				CLANG_WARN_UNGUARDED_AVAILABILITY = YES_AGGRESSIVE;
				CLANG_WARN_UNREACHABLE_CODE = YES;
				CLANG_WARN__DUPLICATE_METHOD_MATCH = YES;
				COPY_PHASE_STRIP = NO;
				DEBUG_INFORMATION_FORMAT = dwarf;
				ENABLE_STRICT_OBJC_MSGSEND = YES;
				ENABLE_TESTABILITY = YES;
				GCC_C_LANGUAGE_STANDARD = gnu11;
				GCC_DYNAMIC_NO_PIC = NO;
				GCC_NO_COMMON_BLOCKS = YES;
				GCC_OPTIMIZATION_LEVEL = 0;
				GCC_PREPROCESSOR_DEFINITIONS = (
					"DEBUG=1",
					"$(inherited)",
				);
				GCC_WARN_64_TO_32_BIT_CONVERSION = YES;
				GCC_WARN_ABOUT_RETURN_TYPE = YES_ERROR;
				GCC_WARN_UNDECLARED_SELECTOR = YES;
				GCC_WARN_UNINITIALIZED_AUTOS = YES_AGGRESSIVE;
				GCC_WARN_UNUSED_FUNCTION = YES;
				GCC_WARN_UNUSED_VARIABLE = YES;
				MTL_ENABLE_DEBUG_INFO = INCLUDE_SOURCE;
				MTL_FAST_MATH = YES;
				ONLY_ACTIVE_ARCH = YES;
				SWIFT_ACTIVE_COMPILATION_CONDITIONS = DEBUG;
				SWIFT_OPTIMIZATION_LEVEL = "-Onone";
			};
			name = Debug;
		};
		5DDDD80529CE873C00572BE0 /* Release */ = {
			isa = XCBuildConfiguration;
			buildSettings = {
				ALWAYS_SEARCH_USER_PATHS = NO;
				CLANG_ANALYZER_NONNULL = YES;
				CLANG_ANALYZER_NUMBER_OBJECT_CONVERSION = YES_AGGRESSIVE;
				CLANG_CXX_LANGUAGE_STANDARD = "gnu++20";
				CLANG_ENABLE_MODULES = YES;
				CLANG_ENABLE_OBJC_ARC = YES;
				CLANG_ENABLE_OBJC_WEAK = YES;
				CLANG_WARN_BLOCK_CAPTURE_AUTORELEASING = YES;
				CLANG_WARN_BOOL_CONVERSION = YES;
				CLANG_WARN_COMMA = YES;
				CLANG_WARN_CONSTANT_CONVERSION = YES;
				CLANG_WARN_DEPRECATED_OBJC_IMPLEMENTATIONS = YES;
				CLANG_WARN_DIRECT_OBJC_ISA_USAGE = YES_ERROR;
				CLANG_WARN_DOCUMENTATION_COMMENTS = YES;
				CLANG_WARN_EMPTY_BODY = YES;
				CLANG_WARN_ENUM_CONVERSION = YES;
				CLANG_WARN_INFINITE_RECURSION = YES;
				CLANG_WARN_INT_CONVERSION = YES;
				CLANG_WARN_NON_LITERAL_NULL_CONVERSION = YES;
				CLANG_WARN_OBJC_IMPLICIT_RETAIN_SELF = YES;
				CLANG_WARN_OBJC_LITERAL_CONVERSION = YES;
				CLANG_WARN_OBJC_ROOT_CLASS = YES_ERROR;
				CLANG_WARN_QUOTED_INCLUDE_IN_FRAMEWORK_HEADER = YES;
				CLANG_WARN_RANGE_LOOP_ANALYSIS = YES;
				CLANG_WARN_STRICT_PROTOTYPES = YES;
				CLANG_WARN_SUSPICIOUS_MOVE = YES;
				CLANG_WARN_UNGUARDED_AVAILABILITY = YES_AGGRESSIVE;
				CLANG_WARN_UNREACHABLE_CODE = YES;
				CLANG_WARN__DUPLICATE_METHOD_MATCH = YES;
				COPY_PHASE_STRIP = NO;
				DEBUG_INFORMATION_FORMAT = "dwarf-with-dsym";
				ENABLE_NS_ASSERTIONS = NO;
				ENABLE_STRICT_OBJC_MSGSEND = YES;
				GCC_C_LANGUAGE_STANDARD = gnu11;
				GCC_NO_COMMON_BLOCKS = YES;
				GCC_WARN_64_TO_32_BIT_CONVERSION = YES;
				GCC_WARN_ABOUT_RETURN_TYPE = YES_ERROR;
				GCC_WARN_UNDECLARED_SELECTOR = YES;
				GCC_WARN_UNINITIALIZED_AUTOS = YES_AGGRESSIVE;
				GCC_WARN_UNUSED_FUNCTION = YES;
				GCC_WARN_UNUSED_VARIABLE = YES;
				MTL_ENABLE_DEBUG_INFO = NO;
				MTL_FAST_MATH = YES;
				SWIFT_COMPILATION_MODE = wholemodule;
				SWIFT_OPTIMIZATION_LEVEL = "-O";
			};
			name = Release;
		};
		5DDDD80729CE873C00572BE0 /* Debug */ = {
			isa = XCBuildConfiguration;
			buildSettings = {
				ASSETCATALOG_COMPILER_APPICON_NAME = AppIcon;
				ASSETCATALOG_COMPILER_GLOBAL_ACCENT_COLOR_NAME = AccentColor;
				CODE_SIGN_ENTITLEMENTS = QHHT/QHHT.entitlements;
				CODE_SIGN_IDENTITY = "Apple Development";
				CODE_SIGN_STYLE = Automatic;
				CURRENT_PROJECT_VERSION = 1;
				DEVELOPMENT_ASSET_PATHS = "\"QHHT/Preview Content\"";
				DEVELOPMENT_TEAM = 7C52729FVD;
				ENABLE_PREVIEWS = YES;
				GENERATE_INFOPLIST_FILE = YES;
				INFOPLIST_KEY_CFBundleDisplayName = "QHHT-BQH";
				INFOPLIST_KEY_LSApplicationCategoryType = "public.app-category.healthcare-fitness";
				"INFOPLIST_KEY_UIApplicationSceneManifest_Generation[sdk=iphoneos*]" = YES;
				"INFOPLIST_KEY_UIApplicationSceneManifest_Generation[sdk=iphonesimulator*]" = YES;
				"INFOPLIST_KEY_UIApplicationSupportsIndirectInputEvents[sdk=iphoneos*]" = YES;
				"INFOPLIST_KEY_UIApplicationSupportsIndirectInputEvents[sdk=iphonesimulator*]" = YES;
				"INFOPLIST_KEY_UILaunchScreen_Generation[sdk=iphoneos*]" = YES;
				"INFOPLIST_KEY_UILaunchScreen_Generation[sdk=iphonesimulator*]" = YES;
				"INFOPLIST_KEY_UIStatusBarStyle[sdk=iphoneos*]" = UIStatusBarStyleDefault;
				"INFOPLIST_KEY_UIStatusBarStyle[sdk=iphonesimulator*]" = UIStatusBarStyleDefault;
				INFOPLIST_KEY_UISupportedInterfaceOrientations_iPad = "UIInterfaceOrientationPortrait UIInterfaceOrientationPortraitUpsideDown UIInterfaceOrientationLandscapeLeft UIInterfaceOrientationLandscapeRight";
				INFOPLIST_KEY_UISupportedInterfaceOrientations_iPhone = "UIInterfaceOrientationPortrait UIInterfaceOrientationLandscapeLeft UIInterfaceOrientationLandscapeRight";
				IPHONEOS_DEPLOYMENT_TARGET = 16.2;
				LD_RUNPATH_SEARCH_PATHS = "@executable_path/Frameworks";
				"LD_RUNPATH_SEARCH_PATHS[sdk=macosx*]" = "@executable_path/../Frameworks";
				MACOSX_DEPLOYMENT_TARGET = 12.6;
				MARKETING_VERSION = 1.1;
				PRODUCT_BUNDLE_IDENTIFIER = "alexnegrete.QHHT-BQH";
				PRODUCT_NAME = "$(TARGET_NAME)";
				PROVISIONING_PROFILE_SPECIFIER = "";
				SDKROOT = auto;
				SUPPORTED_PLATFORMS = "iphoneos iphonesimulator macosx";
				SWIFT_EMIT_LOC_STRINGS = YES;
				SWIFT_VERSION = 5.0;
				TARGETED_DEVICE_FAMILY = "1,2";
			};
			name = Debug;
		};
		5DDDD80829CE873C00572BE0 /* Release */ = {
			isa = XCBuildConfiguration;
			buildSettings = {
				ASSETCATALOG_COMPILER_APPICON_NAME = AppIcon;
				ASSETCATALOG_COMPILER_GLOBAL_ACCENT_COLOR_NAME = AccentColor;
				CODE_SIGN_ENTITLEMENTS = QHHT/QHHT.entitlements;
				CODE_SIGN_IDENTITY = "Apple Development";
				CODE_SIGN_STYLE = Automatic;
				CURRENT_PROJECT_VERSION = 1;
				DEVELOPMENT_ASSET_PATHS = "\"QHHT/Preview Content\"";
				DEVELOPMENT_TEAM = 7C52729FVD;
				ENABLE_PREVIEWS = YES;
				GENERATE_INFOPLIST_FILE = YES;
				INFOPLIST_KEY_CFBundleDisplayName = "QHHT-BQH";
				INFOPLIST_KEY_LSApplicationCategoryType = "public.app-category.healthcare-fitness";
				"INFOPLIST_KEY_UIApplicationSceneManifest_Generation[sdk=iphoneos*]" = YES;
				"INFOPLIST_KEY_UIApplicationSceneManifest_Generation[sdk=iphonesimulator*]" = YES;
				"INFOPLIST_KEY_UIApplicationSupportsIndirectInputEvents[sdk=iphoneos*]" = YES;
				"INFOPLIST_KEY_UIApplicationSupportsIndirectInputEvents[sdk=iphonesimulator*]" = YES;
				"INFOPLIST_KEY_UILaunchScreen_Generation[sdk=iphoneos*]" = YES;
				"INFOPLIST_KEY_UILaunchScreen_Generation[sdk=iphonesimulator*]" = YES;
				"INFOPLIST_KEY_UIStatusBarStyle[sdk=iphoneos*]" = UIStatusBarStyleDefault;
				"INFOPLIST_KEY_UIStatusBarStyle[sdk=iphonesimulator*]" = UIStatusBarStyleDefault;
				INFOPLIST_KEY_UISupportedInterfaceOrientations_iPad = "UIInterfaceOrientationPortrait UIInterfaceOrientationPortraitUpsideDown UIInterfaceOrientationLandscapeLeft UIInterfaceOrientationLandscapeRight";
				INFOPLIST_KEY_UISupportedInterfaceOrientations_iPhone = "UIInterfaceOrientationPortrait UIInterfaceOrientationLandscapeLeft UIInterfaceOrientationLandscapeRight";
				IPHONEOS_DEPLOYMENT_TARGET = 16.2;
				LD_RUNPATH_SEARCH_PATHS = "@executable_path/Frameworks";
				"LD_RUNPATH_SEARCH_PATHS[sdk=macosx*]" = "@executable_path/../Frameworks";
				MACOSX_DEPLOYMENT_TARGET = 12.6;
				MARKETING_VERSION = 1.1;
				PRODUCT_BUNDLE_IDENTIFIER = "alexnegrete.QHHT-BQH";
				PRODUCT_NAME = "$(TARGET_NAME)";
				PROVISIONING_PROFILE_SPECIFIER = "";
				SDKROOT = auto;
				SUPPORTED_PLATFORMS = "iphoneos iphonesimulator macosx";
				SWIFT_EMIT_LOC_STRINGS = YES;
				SWIFT_VERSION = 5.0;
				TARGETED_DEVICE_FAMILY = "1,2";
			};
			name = Release;
		};
/* End XCBuildConfiguration section */

/* Begin XCConfigurationList section */
		5DDDD7F229CE873B00572BE0 /* Build configuration list for PBXProject "QHHT-BQH" */ = {
			isa = XCConfigurationList;
			buildConfigurations = (
				5DDDD80429CE873C00572BE0 /* Debug */,
				5DDDD80529CE873C00572BE0 /* Release */,
			);
			defaultConfigurationIsVisible = 0;
			defaultConfigurationName = Release;
		};
		5DDDD80629CE873C00572BE0 /* Build configuration list for PBXNativeTarget "QHHT-BQH" */ = {
			isa = XCConfigurationList;
			buildConfigurations = (
				5DDDD80729CE873C00572BE0 /* Debug */,
				5DDDD80829CE873C00572BE0 /* Release */,
			);
			defaultConfigurationIsVisible = 0;
			defaultConfigurationName = Release;
		};
/* End XCConfigurationList section */

/* Begin XCRemoteSwiftPackageReference section */
		5D44C4CF29DD301E004EEDF2 /* XCRemoteSwiftPackageReference "firebase-ios-sdk" */ = {
			isa = XCRemoteSwiftPackageReference;
			repositoryURL = "https://github.com/firebase/firebase-ios-sdk.git";
			requirement = {
				kind = upToNextMajorVersion;
				minimumVersion = 9.0.0;
			};
		};
/* End XCRemoteSwiftPackageReference section */

/* Begin XCSwiftPackageProductDependency section */
		5D44C4D029DD301E004EEDF2 /* FirebaseAnalytics */ = {
			isa = XCSwiftPackageProductDependency;
			package = 5D44C4CF29DD301E004EEDF2 /* XCRemoteSwiftPackageReference "firebase-ios-sdk" */;
			productName = FirebaseAnalytics;
		};
		5D44C4D229DD301E004EEDF2 /* FirebaseAnalyticsOnDeviceConversion */ = {
			isa = XCSwiftPackageProductDependency;
			package = 5D44C4CF29DD301E004EEDF2 /* XCRemoteSwiftPackageReference "firebase-ios-sdk" */;
			productName = FirebaseAnalyticsOnDeviceConversion;
		};
		5D44C4D429DD301E004EEDF2 /* FirebaseAnalyticsSwift */ = {
			isa = XCSwiftPackageProductDependency;
			package = 5D44C4CF29DD301E004EEDF2 /* XCRemoteSwiftPackageReference "firebase-ios-sdk" */;
			productName = FirebaseAnalyticsSwift;
		};
		5D44C4D629DD301E004EEDF2 /* FirebaseAnalyticsWithoutAdIdSupport */ = {
			isa = XCSwiftPackageProductDependency;
			package = 5D44C4CF29DD301E004EEDF2 /* XCRemoteSwiftPackageReference "firebase-ios-sdk" */;
			productName = FirebaseAnalyticsWithoutAdIdSupport;
		};
		5D44C4D829DD301E004EEDF2 /* FirebaseAppCheck */ = {
			isa = XCSwiftPackageProductDependency;
			package = 5D44C4CF29DD301E004EEDF2 /* XCRemoteSwiftPackageReference "firebase-ios-sdk" */;
			productName = FirebaseAppCheck;
		};
		5D44C4DA29DD301E004EEDF2 /* FirebaseAppDistribution-Beta */ = {
			isa = XCSwiftPackageProductDependency;
			package = 5D44C4CF29DD301E004EEDF2 /* XCRemoteSwiftPackageReference "firebase-ios-sdk" */;
			productName = "FirebaseAppDistribution-Beta";
		};
		5D44C4DC29DD301E004EEDF2 /* FirebaseAuth */ = {
			isa = XCSwiftPackageProductDependency;
			package = 5D44C4CF29DD301E004EEDF2 /* XCRemoteSwiftPackageReference "firebase-ios-sdk" */;
			productName = FirebaseAuth;
		};
		5D44C4DE29DD301E004EEDF2 /* FirebaseAuthCombine-Community */ = {
			isa = XCSwiftPackageProductDependency;
			package = 5D44C4CF29DD301E004EEDF2 /* XCRemoteSwiftPackageReference "firebase-ios-sdk" */;
			productName = "FirebaseAuthCombine-Community";
		};
		5D44C4E029DD301E004EEDF2 /* FirebaseCrashlytics */ = {
			isa = XCSwiftPackageProductDependency;
			package = 5D44C4CF29DD301E004EEDF2 /* XCRemoteSwiftPackageReference "firebase-ios-sdk" */;
			productName = FirebaseCrashlytics;
		};
		5D44C4E229DD301E004EEDF2 /* FirebaseDatabase */ = {
			isa = XCSwiftPackageProductDependency;
			package = 5D44C4CF29DD301E004EEDF2 /* XCRemoteSwiftPackageReference "firebase-ios-sdk" */;
			productName = FirebaseDatabase;
		};
		5D44C4E429DD301E004EEDF2 /* FirebaseDatabaseSwift */ = {
			isa = XCSwiftPackageProductDependency;
			package = 5D44C4CF29DD301E004EEDF2 /* XCRemoteSwiftPackageReference "firebase-ios-sdk" */;
			productName = FirebaseDatabaseSwift;
		};
		5D44C4E629DD301E004EEDF2 /* FirebaseDynamicLinks */ = {
			isa = XCSwiftPackageProductDependency;
			package = 5D44C4CF29DD301E004EEDF2 /* XCRemoteSwiftPackageReference "firebase-ios-sdk" */;
			productName = FirebaseDynamicLinks;
		};
		5D44C4E829DD301E004EEDF2 /* FirebaseFirestore */ = {
			isa = XCSwiftPackageProductDependency;
			package = 5D44C4CF29DD301E004EEDF2 /* XCRemoteSwiftPackageReference "firebase-ios-sdk" */;
			productName = FirebaseFirestore;
		};
		5D44C4EA29DD301E004EEDF2 /* FirebaseFirestoreCombine-Community */ = {
			isa = XCSwiftPackageProductDependency;
			package = 5D44C4CF29DD301E004EEDF2 /* XCRemoteSwiftPackageReference "firebase-ios-sdk" */;
			productName = "FirebaseFirestoreCombine-Community";
		};
		5D44C4EC29DD301E004EEDF2 /* FirebaseFirestoreSwift */ = {
			isa = XCSwiftPackageProductDependency;
			package = 5D44C4CF29DD301E004EEDF2 /* XCRemoteSwiftPackageReference "firebase-ios-sdk" */;
			productName = FirebaseFirestoreSwift;
		};
		5D44C4EE29DD301E004EEDF2 /* FirebaseFunctions */ = {
			isa = XCSwiftPackageProductDependency;
			package = 5D44C4CF29DD301E004EEDF2 /* XCRemoteSwiftPackageReference "firebase-ios-sdk" */;
			productName = FirebaseFunctions;
		};
		5D44C4F029DD301E004EEDF2 /* FirebaseFunctionsCombine-Community */ = {
			isa = XCSwiftPackageProductDependency;
			package = 5D44C4CF29DD301E004EEDF2 /* XCRemoteSwiftPackageReference "firebase-ios-sdk" */;
			productName = "FirebaseFunctionsCombine-Community";
		};
		5D44C4F229DD301E004EEDF2 /* FirebaseInAppMessaging-Beta */ = {
			isa = XCSwiftPackageProductDependency;
			package = 5D44C4CF29DD301E004EEDF2 /* XCRemoteSwiftPackageReference "firebase-ios-sdk" */;
			productName = "FirebaseInAppMessaging-Beta";
		};
		5D44C4F429DD301E004EEDF2 /* FirebaseInAppMessagingSwift-Beta */ = {
			isa = XCSwiftPackageProductDependency;
			package = 5D44C4CF29DD301E004EEDF2 /* XCRemoteSwiftPackageReference "firebase-ios-sdk" */;
			productName = "FirebaseInAppMessagingSwift-Beta";
		};
		5D44C4F629DD301E004EEDF2 /* FirebaseInstallations */ = {
			isa = XCSwiftPackageProductDependency;
			package = 5D44C4CF29DD301E004EEDF2 /* XCRemoteSwiftPackageReference "firebase-ios-sdk" */;
			productName = FirebaseInstallations;
		};
		5D44C4F829DD301E004EEDF2 /* FirebaseMLModelDownloader */ = {
			isa = XCSwiftPackageProductDependency;
			package = 5D44C4CF29DD301E004EEDF2 /* XCRemoteSwiftPackageReference "firebase-ios-sdk" */;
			productName = FirebaseMLModelDownloader;
		};
		5D44C4FA29DD301E004EEDF2 /* FirebaseMessaging */ = {
			isa = XCSwiftPackageProductDependency;
			package = 5D44C4CF29DD301E004EEDF2 /* XCRemoteSwiftPackageReference "firebase-ios-sdk" */;
			productName = FirebaseMessaging;
		};
		5D44C4FC29DD301E004EEDF2 /* FirebasePerformance */ = {
			isa = XCSwiftPackageProductDependency;
			package = 5D44C4CF29DD301E004EEDF2 /* XCRemoteSwiftPackageReference "firebase-ios-sdk" */;
			productName = FirebasePerformance;
		};
		5D44C4FE29DD301E004EEDF2 /* FirebaseRemoteConfig */ = {
			isa = XCSwiftPackageProductDependency;
			package = 5D44C4CF29DD301E004EEDF2 /* XCRemoteSwiftPackageReference "firebase-ios-sdk" */;
			productName = FirebaseRemoteConfig;
		};
		5D44C50029DD301E004EEDF2 /* FirebaseRemoteConfigSwift */ = {
			isa = XCSwiftPackageProductDependency;
			package = 5D44C4CF29DD301E004EEDF2 /* XCRemoteSwiftPackageReference "firebase-ios-sdk" */;
			productName = FirebaseRemoteConfigSwift;
		};
		5D44C50229DD301E004EEDF2 /* FirebaseStorage */ = {
			isa = XCSwiftPackageProductDependency;
			package = 5D44C4CF29DD301E004EEDF2 /* XCRemoteSwiftPackageReference "firebase-ios-sdk" */;
			productName = FirebaseStorage;
		};
		5D44C50429DD301E004EEDF2 /* FirebaseStorageCombine-Community */ = {
			isa = XCSwiftPackageProductDependency;
			package = 5D44C4CF29DD301E004EEDF2 /* XCRemoteSwiftPackageReference "firebase-ios-sdk" */;
			productName = "FirebaseStorageCombine-Community";
		};
/* End XCSwiftPackageProductDependency section */
	};
	rootObject = 5DDDD7EF29CE873B00572BE0 /* Project object */;
}
